// !$*UTF8*$!
{
	archiveVersion = 1;
	classes = {
	};
	objectVersion = 55;
	objects = {

/* Begin PBXBuildFile section */
		938D1174272B1ADD003FE948 /* SignUpFormApp.swift in Sources */ = {isa = PBXBuildFile; fileRef = 938D1173272B1ADD003FE948 /* SignUpFormApp.swift */; };
		938D1176272B1ADD003FE948 /* ContentView.swift in Sources */ = {isa = PBXBuildFile; fileRef = 938D1175272B1ADD003FE948 /* ContentView.swift */; };
		938D1178272B1AE0003FE948 /* Assets.xcassets in Resources */ = {isa = PBXBuildFile; fileRef = 938D1177272B1AE0003FE948 /* Assets.xcassets */; };
		938D117B272B1AE0003FE948 /* Preview Assets.xcassets in Resources */ = {isa = PBXBuildFile; fileRef = 938D117A272B1AE0003FE948 /* Preview Assets.xcassets */; };
		938D1187272B1F72003FE948 /* SignUpView.swift in Sources */ = {isa = PBXBuildFile; fileRef = 938D1186272B1F72003FE948 /* SignUpView.swift */; };
		938D1189272B1F83003FE948 /* ConfirmView.swift in Sources */ = {isa = PBXBuildFile; fileRef = 938D1188272B1F83003FE948 /* ConfirmView.swift */; };
		93FAEED3272B4081008EDD87 /* ViewExtension.swift in Sources */ = {isa = PBXBuildFile; fileRef = 93FAEED2272B4081008EDD87 /* ViewExtension.swift */; };
		93FAEED5272B42BA008EDD87 /* SignUpCoordinator.swift in Sources */ = {isa = PBXBuildFile; fileRef = 93FAEED4272B42BA008EDD87 /* SignUpCoordinator.swift */; };
/* End PBXBuildFile section */

/* Begin PBXFileReference section */
		938D1170272B1ADD003FE948 /* SignUpForm.app */ = {isa = PBXFileReference; explicitFileType = wrapper.application; includeInIndex = 0; path = SignUpForm.app; sourceTree = BUILT_PRODUCTS_DIR; };
		938D1173272B1ADD003FE948 /* SignUpFormApp.swift */ = {isa = PBXFileReference; lastKnownFileType = sourcecode.swift; path = SignUpFormApp.swift; sourceTree = "<group>"; };
		938D1175272B1ADD003FE948 /* ContentView.swift */ = {isa = PBXFileReference; lastKnownFileType = sourcecode.swift; path = ContentView.swift; sourceTree = "<group>"; };
		938D1177272B1AE0003FE948 /* Assets.xcassets */ = {isa = PBXFileReference; lastKnownFileType = folder.assetcatalog; path = Assets.xcassets; sourceTree = "<group>"; };
		938D117A272B1AE0003FE948 /* Preview Assets.xcassets */ = {isa = PBXFileReference; lastKnownFileType = folder.assetcatalog; path = "Preview Assets.xcassets"; sourceTree = "<group>"; };
		938D1186272B1F72003FE948 /* SignUpView.swift */ = {isa = PBXFileReference; lastKnownFileType = sourcecode.swift; path = SignUpView.swift; sourceTree = "<group>"; };
		938D1188272B1F83003FE948 /* ConfirmView.swift */ = {isa = PBXFileReference; lastKnownFileType = sourcecode.swift; path = ConfirmView.swift; sourceTree = "<group>"; };
		93FAEED2272B4081008EDD87 /* ViewExtension.swift */ = {isa = PBXFileReference; lastKnownFileType = sourcecode.swift; path = ViewExtension.swift; sourceTree = "<group>"; };
		93FAEED4272B42BA008EDD87 /* SignUpCoordinator.swift */ = {isa = PBXFileReference; lastKnownFileType = sourcecode.swift; path = SignUpCoordinator.swift; sourceTree = "<group>"; };
/* End PBXFileReference section */

/* Begin PBXFrameworksBuildPhase section */
		938D116D272B1ADD003FE948 /* Frameworks */ = {
			isa = PBXFrameworksBuildPhase;
			buildActionMask = 2147483647;
			files = (
			);
			runOnlyForDeploymentPostprocessing = 0;
		};
/* End PBXFrameworksBuildPhase section */

/* Begin PBXGroup section */
		938D1167272B1ADD003FE948 = {
			isa = PBXGroup;
			children = (
				938D1172272B1ADD003FE948 /* SignUpForm */,
				938D1171272B1ADD003FE948 /* Products */,
			);
			sourceTree = "<group>";
		};
		938D1171272B1ADD003FE948 /* Products */ = {
			isa = PBXGroup;
			children = (
				938D1170272B1ADD003FE948 /* SignUpForm.app */,
			);
			name = Products;
			sourceTree = "<group>";
		};
		938D1172272B1ADD003FE948 /* SignUpForm */ = {
			isa = PBXGroup;
			children = (
				938D1185272B1C5E003FE948 /* DataStores */,
				938D1184272B1B1C003FE948 /* Coordinator */,
				938D1183272B1B11003FE948 /* ViewModel */,
				938D1182272B1B04003FE948 /* View */,
				938D1181272B1AFB003FE948 /* Model */,
				938D1173272B1ADD003FE948 /* SignUpFormApp.swift */,
				938D1175272B1ADD003FE948 /* ContentView.swift */,
				938D1177272B1AE0003FE948 /* Assets.xcassets */,
				938D1179272B1AE0003FE948 /* Preview Content */,
			);
			path = SignUpForm;
			sourceTree = "<group>";
		};
		938D1179272B1AE0003FE948 /* Preview Content */ = {
			isa = PBXGroup;
			children = (
				938D117A272B1AE0003FE948 /* Preview Assets.xcassets */,
			);
			path = "Preview Content";
			sourceTree = "<group>";
		};
		938D1181272B1AFB003FE948 /* Model */ = {
			isa = PBXGroup;
			children = (
			);
			path = Model;
			sourceTree = "<group>";
		};
		938D1182272B1B04003FE948 /* View */ = {
			isa = PBXGroup;
			children = (
				938D1186272B1F72003FE948 /* SignUpView.swift */,
				938D1188272B1F83003FE948 /* ConfirmView.swift */,
				93FAEED2272B4081008EDD87 /* ViewExtension.swift */,
			);
			path = View;
			sourceTree = "<group>";
		};
		938D1183272B1B11003FE948 /* ViewModel */ = {
			isa = PBXGroup;
			children = (
			);
			path = ViewModel;
			sourceTree = "<group>";
		};
		938D1184272B1B1C003FE948 /* Coordinator */ = {
			isa = PBXGroup;
			children = (
				93FAEED4272B42BA008EDD87 /* SignUpCoordinator.swift */,
			);
			path = Coordinator;
			sourceTree = "<group>";
		};
		938D1185272B1C5E003FE948 /* DataStores */ = {
			isa = PBXGroup;
			children = (
			);
			path = DataStores;
			sourceTree = "<group>";
		};
/* End PBXGroup section */

/* Begin PBXNativeTarget section */
		938D116F272B1ADD003FE948 /* SignUpForm */ = {
			isa = PBXNativeTarget;
			buildConfigurationList = 938D117E272B1AE0003FE948 /* Build configuration list for PBXNativeTarget "SignUpForm" */;
			buildPhases = (
				938D116C272B1ADD003FE948 /* Sources */,
				938D116D272B1ADD003FE948 /* Frameworks */,
				938D116E272B1ADD003FE948 /* Resources */,
			);
			buildRules = (
			);
			dependencies = (
			);
			name = SignUpForm;
			productName = SignUpForm;
			productReference = 938D1170272B1ADD003FE948 /* SignUpForm.app */;
			productType = "com.apple.product-type.application";
		};
/* End PBXNativeTarget section */

/* Begin PBXProject section */
		938D1168272B1ADD003FE948 /* Project object */ = {
			isa = PBXProject;
			attributes = {
				BuildIndependentTargetsInParallel = 1;
				LastSwiftUpdateCheck = 1300;
				LastUpgradeCheck = 1300;
				TargetAttributes = {
					938D116F272B1ADD003FE948 = {
						CreatedOnToolsVersion = 13.0;
					};
				};
			};
			buildConfigurationList = 938D116B272B1ADD003FE948 /* Build configuration list for PBXProject "SignUpForm" */;
			compatibilityVersion = "Xcode 13.0";
			developmentRegion = en;
			hasScannedForEncodings = 0;
			knownRegions = (
				en,
				Base,
			);
			mainGroup = 938D1167272B1ADD003FE948;
			productRefGroup = 938D1171272B1ADD003FE948 /* Products */;
			projectDirPath = "";
			projectRoot = "";
			targets = (
				938D116F272B1ADD003FE948 /* SignUpForm */,
			);
		};
/* End PBXProject section */

/* Begin PBXResourcesBuildPhase section */
		938D116E272B1ADD003FE948 /* Resources */ = {
			isa = PBXResourcesBuildPhase;
			buildActionMask = 2147483647;
			files = (
				938D117B272B1AE0003FE948 /* Preview Assets.xcassets in Resources */,
				938D1178272B1AE0003FE948 /* Assets.xcassets in Resources */,
			);
			runOnlyForDeploymentPostprocessing = 0;
		};
/* End PBXResourcesBuildPhase section */

/* Begin PBXSourcesBuildPhase section */
		938D116C272B1ADD003FE948 /* Sources */ = {
			isa = PBXSourcesBuildPhase;
			buildActionMask = 2147483647;
			files = (
				938D1176272B1ADD003FE948 /* ContentView.swift in Sources */,
				938D1189272B1F83003FE948 /* ConfirmView.swift in Sources */,
				93FAEED5272B42BA008EDD87 /* SignUpCoordinator.swift in Sources */,
				938D1187272B1F72003FE948 /* SignUpView.swift in Sources */,
				938D1174272B1ADD003FE948 /* SignUpFormApp.swift in Sources */,
				93FAEED3272B4081008EDD87 /* ViewExtension.swift in Sources */,
			);
			runOnlyForDeploymentPostprocessing = 0;
		};
/* End PBXSourcesBuildPhase section */

/* Begin XCBuildConfiguration section */
		938D117C272B1AE0003FE948 /* Debug */ = {
			isa = XCBuildConfiguration;
			buildSettings = {
				ALWAYS_SEARCH_USER_PATHS = NO;
				CLANG_ANALYZER_NONNULL = YES;
				CLANG_ANALYZER_NUMBER_OBJECT_CONVERSION = YES_AGGRESSIVE;
				CLANG_CXX_LANGUAGE_STANDARD = "gnu++17";
				CLANG_CXX_LIBRARY = "libc++";
				CLANG_ENABLE_MODULES = YES;
				CLANG_ENABLE_OBJC_ARC = YES;
				CLANG_ENABLE_OBJC_WEAK = YES;
				CLANG_WARN_BLOCK_CAPTURE_AUTORELEASING = YES;
				CLANG_WARN_BOOL_CONVERSION = YES;
				CLANG_WARN_COMMA = YES;
				CLANG_WARN_CONSTANT_CONVERSION = YES;
				CLANG_WARN_DEPRECATED_OBJC_IMPLEMENTATIONS = YES;
				CLANG_WARN_DIRECT_OBJC_ISA_USAGE = YES_ERROR;
				CLANG_WARN_DOCUMENTATION_COMMENTS = YES;
				CLANG_WARN_EMPTY_BODY = YES;
				CLANG_WARN_ENUM_CONVERSION = YES;
				CLANG_WARN_INFINITE_RECURSION = YES;
				CLANG_WARN_INT_CONVERSION = YES;
				CLANG_WARN_NON_LITERAL_NULL_CONVERSION = YES;
				CLANG_WARN_OBJC_IMPLICIT_RETAIN_SELF = YES;
				CLANG_WARN_OBJC_LITERAL_CONVERSION = YES;
				CLANG_WARN_OBJC_ROOT_CLASS = YES_ERROR;
				CLANG_WARN_QUOTED_INCLUDE_IN_FRAMEWORK_HEADER = YES;
				CLANG_WARN_RANGE_LOOP_ANALYSIS = YES;
				CLANG_WARN_STRICT_PROTOTYPES = YES;
				CLANG_WARN_SUSPICIOUS_MOVE = YES;
				CLANG_WARN_UNGUARDED_AVAILABILITY = YES_AGGRESSIVE;
				CLANG_WARN_UNREACHABLE_CODE = YES;
				CLANG_WARN__DUPLICATE_METHOD_MATCH = YES;
				COPY_PHASE_STRIP = NO;
				DEBUG_INFORMATION_FORMAT = dwarf;
				ENABLE_STRICT_OBJC_MSGSEND = YES;
				ENABLE_TESTABILITY = YES;
				GCC_C_LANGUAGE_STANDARD = gnu11;
				GCC_DYNAMIC_NO_PIC = NO;
				GCC_NO_COMMON_BLOCKS = YES;
				GCC_OPTIMIZATION_LEVEL = 0;
				GCC_PREPROCESSOR_DEFINITIONS = (
					"DEBUG=1",
					"$(inherited)",
				);
				GCC_WARN_64_TO_32_BIT_CONVERSION = YES;
				GCC_WARN_ABOUT_RETURN_TYPE = YES_ERROR;
				GCC_WARN_UNDECLARED_SELECTOR = YES;
				GCC_WARN_UNINITIALIZED_AUTOS = YES_AGGRESSIVE;
				GCC_WARN_UNUSED_FUNCTION = YES;
				GCC_WARN_UNUSED_VARIABLE = YES;
				IPHONEOS_DEPLOYMENT_TARGET = 15.0;
				MTL_ENABLE_DEBUG_INFO = INCLUDE_SOURCE;
				MTL_FAST_MATH = YES;
				ONLY_ACTIVE_ARCH = YES;
				SDKROOT = iphoneos;
				SWIFT_ACTIVE_COMPILATION_CONDITIONS = DEBUG;
				SWIFT_OPTIMIZATION_LEVEL = "-Onone";
			};
			name = Debug;
		};
		938D117D272B1AE0003FE948 /* Release */ = {
			isa = XCBuildConfiguration;
			buildSettings = {
				ALWAYS_SEARCH_USER_PATHS = NO;
				CLANG_ANALYZER_NONNULL = YES;
				CLANG_ANALYZER_NUMBER_OBJECT_CONVERSION = YES_AGGRESSIVE;
				CLANG_CXX_LANGUAGE_STANDARD = "gnu++17";
				CLANG_CXX_LIBRARY = "libc++";
				CLANG_ENABLE_MODULES = YES;
				CLANG_ENABLE_OBJC_ARC = YES;
				CLANG_ENABLE_OBJC_WEAK = YES;
				CLANG_WARN_BLOCK_CAPTURE_AUTORELEASING = YES;
				CLANG_WARN_BOOL_CONVERSION = YES;
				CLANG_WARN_COMMA = YES;
				CLANG_WARN_CONSTANT_CONVERSION = YES;
				CLANG_WARN_DEPRECATED_OBJC_IMPLEMENTATIONS = YES;
				CLANG_WARN_DIRECT_OBJC_ISA_USAGE = YES_ERROR;
				CLANG_WARN_DOCUMENTATION_COMMENTS = YES;
				CLANG_WARN_EMPTY_BODY = YES;
				CLANG_WARN_ENUM_CONVERSION = YES;
				CLANG_WARN_INFINITE_RECURSION = YES;
				CLANG_WARN_INT_CONVERSION = YES;
				CLANG_WARN_NON_LITERAL_NULL_CONVERSION = YES;
				CLANG_WARN_OBJC_IMPLICIT_RETAIN_SELF = YES;
				CLANG_WARN_OBJC_LITERAL_CONVERSION = YES;
				CLANG_WARN_OBJC_ROOT_CLASS = YES_ERROR;
				CLANG_WARN_QUOTED_INCLUDE_IN_FRAMEWORK_HEADER = YES;
				CLANG_WARN_RANGE_LOOP_ANALYSIS = YES;
				CLANG_WARN_STRICT_PROTOTYPES = YES;
				CLANG_WARN_SUSPICIOUS_MOVE = YES;
				CLANG_WARN_UNGUARDED_AVAILABILITY = YES_AGGRESSIVE;
				CLANG_WARN_UNREACHABLE_CODE = YES;
				CLANG_WARN__DUPLICATE_METHOD_MATCH = YES;
				COPY_PHASE_STRIP = NO;
				DEBUG_INFORMATION_FORMAT = "dwarf-with-dsym";
				ENABLE_NS_ASSERTIONS = NO;
				ENABLE_STRICT_OBJC_MSGSEND = YES;
				GCC_C_LANGUAGE_STANDARD = gnu11;
				GCC_NO_COMMON_BLOCKS = YES;
				GCC_WARN_64_TO_32_BIT_CONVERSION = YES;
				GCC_WARN_ABOUT_RETURN_TYPE = YES_ERROR;
				GCC_WARN_UNDECLARED_SELECTOR = YES;
				GCC_WARN_UNINITIALIZED_AUTOS = YES_AGGRESSIVE;
				GCC_WARN_UNUSED_FUNCTION = YES;
				GCC_WARN_UNUSED_VARIABLE = YES;
				IPHONEOS_DEPLOYMENT_TARGET = 15.0;
				MTL_ENABLE_DEBUG_INFO = NO;
				MTL_FAST_MATH = YES;
				SDKROOT = iphoneos;
				SWIFT_COMPILATION_MODE = wholemodule;
				SWIFT_OPTIMIZATION_LEVEL = "-O";
				VALIDATE_PRODUCT = YES;
			};
			name = Release;
		};
		938D117F272B1AE0003FE948 /* Debug */ = {
			isa = XCBuildConfiguration;
			buildSettings = {
				ASSETCATALOG_COMPILER_APPICON_NAME = AppIcon;
				ASSETCATALOG_COMPILER_GLOBAL_ACCENT_COLOR_NAME = AccentColor;
				CODE_SIGN_STYLE = Automatic;
				CURRENT_PROJECT_VERSION = 1;
				DEVELOPMENT_ASSET_PATHS = "\"SignUpForm/Preview Content\"";
				DEVELOPMENT_TEAM = NNMZKMNSPS;
				ENABLE_PREVIEWS = YES;
				GENERATE_INFOPLIST_FILE = YES;
				INFOPLIST_KEY_UIApplicationSceneManifest_Generation = YES;
				INFOPLIST_KEY_UIApplicationSupportsIndirectInputEvents = YES;
				INFOPLIST_KEY_UILaunchScreen_Generation = YES;
				INFOPLIST_KEY_UISupportedInterfaceOrientations_iPad = "UIInterfaceOrientationPortrait UIInterfaceOrientationPortraitUpsideDown UIInterfaceOrientationLandscapeLeft UIInterfaceOrientationLandscapeRight";
				INFOPLIST_KEY_UISupportedInterfaceOrientations_iPhone = "UIInterfaceOrientationPortrait UIInterfaceOrientationLandscapeLeft UIInterfaceOrientationLandscapeRight";
				IPHONEOS_DEPLOYMENT_TARGET = 15.0;
				LD_RUNPATH_SEARCH_PATHS = (
					"$(inherited)",
					"@executable_path/Frameworks",
				);
				MARKETING_VERSION = 1.0;
				PRODUCT_BUNDLE_IDENTIFIER = com.dreamer.SignUpForm;
				PRODUCT_NAME = "$(TARGET_NAME)";
				SWIFT_EMIT_LOC_STRINGS = YES;
				SWIFT_VERSION = 5.0;
				TARGETED_DEVICE_FAMILY = "1,2";
			};
			name = Debug;
		};
		938D1180272B1AE0003FE948 /* Release */ = {
			isa = XCBuildConfiguration;
			buildSettings = {
				ASSETCATALOG_COMPILER_APPICON_NAME = AppIcon;
				ASSETCATALOG_COMPILER_GLOBAL_ACCENT_COLOR_NAME = AccentColor;
				CODE_SIGN_STYLE = Automatic;
				CURRENT_PROJECT_VERSION = 1;
				DEVELOPMENT_ASSET_PATHS = "\"SignUpForm/Preview Content\"";
				DEVELOPMENT_TEAM = NNMZKMNSPS;
				ENABLE_PREVIEWS = YES;
				GENERATE_INFOPLIST_FILE = YES;
				INFOPLIST_KEY_UIApplicationSceneManifest_Generation = YES;
				INFOPLIST_KEY_UIApplicationSupportsIndirectInputEvents = YES;
				INFOPLIST_KEY_UILaunchScreen_Generation = YES;
				INFOPLIST_KEY_UISupportedInterfaceOrientations_iPad = "UIInterfaceOrientationPortrait UIInterfaceOrientationPortraitUpsideDown UIInterfaceOrientationLandscapeLeft UIInterfaceOrientationLandscapeRight";
				INFOPLIST_KEY_UISupportedInterfaceOrientations_iPhone = "UIInterfaceOrientationPortrait UIInterfaceOrientationLandscapeLeft UIInterfaceOrientationLandscapeRight";
				IPHONEOS_DEPLOYMENT_TARGET = 15.0;
				LD_RUNPATH_SEARCH_PATHS = (
					"$(inherited)",
					"@executable_path/Frameworks",
				);
				MARKETING_VERSION = 1.0;
				PRODUCT_BUNDLE_IDENTIFIER = com.dreamer.SignUpForm;
				PRODUCT_NAME = "$(TARGET_NAME)";
				SWIFT_EMIT_LOC_STRINGS = YES;
				SWIFT_VERSION = 5.0;
				TARGETED_DEVICE_FAMILY = "1,2";
			};
			name = Release;
		};
/* End XCBuildConfiguration section */

/* Begin XCConfigurationList section */
		938D116B272B1ADD003FE948 /* Build configuration list for PBXProject "SignUpForm" */ = {
			isa = XCConfigurationList;
			buildConfigurations = (
				938D117C272B1AE0003FE948 /* Debug */,
				938D117D272B1AE0003FE948 /* Release */,
			);
			defaultConfigurationIsVisible = 0;
			defaultConfigurationName = Release;
		};
		938D117E272B1AE0003FE948 /* Build configuration list for PBXNativeTarget "SignUpForm" */ = {
			isa = XCConfigurationList;
			buildConfigurations = (
				938D117F272B1AE0003FE948 /* Debug */,
				938D1180272B1AE0003FE948 /* Release */,
			);
			defaultConfigurationIsVisible = 0;
			defaultConfigurationName = Release;
		};
/* End XCConfigurationList section */
	};
	rootObject = 938D1168272B1ADD003FE948 /* Project object */;
}
